
Microsoft Visual Studio Solution File, Format Version 12.00
# Visual Studio Version 17
VisualStudioVersion = 17.0.31903.59
MinimumVisualStudioVersion = 10.0.40219.1
Project("{FAE04EC0-301F-11D3-BF4B-00C04F79EFBC}") = "PayloadCompression", "PayloadCompression\PayloadCompression.csproj", "{29082321-E872-458F-8B0D-186C23DE38D1}"
EndProject
Project("{FAE04EC0-301F-11D3-BF4B-00C04F79EFBC}") = "PayloadCompression.Tests", "PayloadCompression.Tests\PayloadCompression.Tests.csproj", "{D7BA22BA-88E5-42F5-AF52-53C508021CCB}"
EndProject
Project("{FAE04EC0-301F-11D3-BF4B-00C04F79EFBC}") = "PayloadDecompression", "PayloadDecompression\PayloadDecompression.csproj", "{8F799E45-F756-4FA6-A253-AB4F7B9249FF}"
EndProject
Project("{FAE04EC0-301F-11D3-BF4B-00C04F79EFBC}") = "PayloadDecompression.Tests", "PayloadDecompression.Tests\PayloadDecompression.Tests.csproj", "{75E96260-CC9D-4149-B17C-CF196A488052}"
EndProject
Project("{2150E333-8FDC-42A3-9474-1A3956D46DE8}") = "P2PChat", "P2PChat", "{8E1BD65D-B416-428F-AE12-C37732700CD5}"
EndProject
Project("{FAE04EC0-301F-11D3-BF4B-00C04F79EFBC}") = "Client", "P2PChat\Client\Client.csproj", "{87AB8AB6-BFCF-4658-B4E6-B0C566325455}"
EndProject
Project("{FAE04EC0-301F-11D3-BF4B-00C04F79EFBC}") = "P2PChatPredictionCompression", "P2PChatPredictionCompression\P2PChatPredictionCompression.csproj", "{24117CF2-A239-40C3-8DC2-84915B9CD057}"
EndProject
Project("{FAE04EC0-301F-11D3-BF4B-00C04F79EFBC}") = "P2PChatPredictorCompression", "..\P2PChatPredictorCompression\1-Application\P2PChatPredictorCompression\P2PChatPredictorCompression.csproj", "{26DFBEF8-13BC-478D-AF5F-7F7E65A67FC5}"
EndProject
Global
	GlobalSection(SolutionConfigurationPlatforms) = preSolution
		Debug|Any CPU = Debug|Any CPU
		Release|Any CPU = Release|Any CPU
	EndGlobalSection
	GlobalSection(SolutionProperties) = preSolution
		HideSolutionNode = FALSE
	EndGlobalSection
	GlobalSection(ProjectConfigurationPlatforms) = postSolution
		{29082321-E872-458F-8B0D-186C23DE38D1}.Debug|Any CPU.ActiveCfg = Debug|Any CPU
		{29082321-E872-458F-8B0D-186C23DE38D1}.Debug|Any CPU.Build.0 = Debug|Any CPU
		{29082321-E872-458F-8B0D-186C23DE38D1}.Release|Any CPU.ActiveCfg = Release|Any CPU
		{29082321-E872-458F-8B0D-186C23DE38D1}.Release|Any CPU.Build.0 = Release|Any CPU
		{D7BA22BA-88E5-42F5-AF52-53C508021CCB}.Debug|Any CPU.ActiveCfg = Debug|Any CPU
		{D7BA22BA-88E5-42F5-AF52-53C508021CCB}.Debug|Any CPU.Build.0 = Debug|Any CPU
		{D7BA22BA-88E5-42F5-AF52-53C508021CCB}.Release|Any CPU.ActiveCfg = Release|Any CPU
		{D7BA22BA-88E5-42F5-AF52-53C508021CCB}.Release|Any CPU.Build.0 = Release|Any CPU
		{8F799E45-F756-4FA6-A253-AB4F7B9249FF}.Debug|Any CPU.ActiveCfg = Debug|Any CPU
		{8F799E45-F756-4FA6-A253-AB4F7B9249FF}.Debug|Any CPU.Build.0 = Debug|Any CPU
		{8F799E45-F756-4FA6-A253-AB4F7B9249FF}.Release|Any CPU.ActiveCfg = Release|Any CPU
		{8F799E45-F756-4FA6-A253-AB4F7B9249FF}.Release|Any CPU.Build.0 = Release|Any CPU
		{75E96260-CC9D-4149-B17C-CF196A488052}.Debug|Any CPU.ActiveCfg = Debug|Any CPU
		{75E96260-CC9D-4149-B17C-CF196A488052}.Debug|Any CPU.Build.0 = Debug|Any CPU
		{75E96260-CC9D-4149-B17C-CF196A488052}.Release|Any CPU.ActiveCfg = Release|Any CPU
		{75E96260-CC9D-4149-B17C-CF196A488052}.Release|Any CPU.Build.0 = Release|Any CPU
		{87AB8AB6-BFCF-4658-B4E6-B0C566325455}.Debug|Any CPU.ActiveCfg = Debug|Any CPU
		{87AB8AB6-BFCF-4658-B4E6-B0C566325455}.Debug|Any CPU.Build.0 = Debug|Any CPU
		{87AB8AB6-BFCF-4658-B4E6-B0C566325455}.Release|Any CPU.ActiveCfg = Release|Any CPU
		{87AB8AB6-BFCF-4658-B4E6-B0C566325455}.Release|Any CPU.Build.0 = Release|Any CPU
		{24117CF2-A239-40C3-8DC2-84915B9CD057}.Debug|Any CPU.ActiveCfg = Debug|Any CPU
		{24117CF2-A239-40C3-8DC2-84915B9CD057}.Debug|Any CPU.Build.0 = Debug|Any CPU
		{24117CF2-A239-40C3-8DC2-84915B9CD057}.Release|Any CPU.ActiveCfg = Release|Any CPU
		{24117CF2-A239-40C3-8DC2-84915B9CD057}.Release|Any CPU.Build.0 = Release|Any CPU
		{26DFBEF8-13BC-478D-AF5F-7F7E65A67FC5}.Debug|Any CPU.ActiveCfg = Debug|Any CPU
		{26DFBEF8-13BC-478D-AF5F-7F7E65A67FC5}.Debug|Any CPU.Build.0 = Debug|Any CPU
		{26DFBEF8-13BC-478D-AF5F-7F7E65A67FC5}.Release|Any CPU.ActiveCfg = Release|Any CPU
		{26DFBEF8-13BC-478D-AF5F-7F7E65A67FC5}.Release|Any CPU.Build.0 = Release|Any CPU
	EndGlobalSection
	GlobalSection(NestedProjects) = preSolution
		{87AB8AB6-BFCF-4658-B4E6-B0C566325455} = {8E1BD65D-B416-428F-AE12-C37732700CD5}
	EndGlobalSection
EndGlobal
