
Microsoft Visual Studio Solution File, Format Version 12.00
# Visual Studio Version 17
VisualStudioVersion = 17.0.31903.59
MinimumVisualStudioVersion = 10.0.40219.1
Project("{FAE04EC0-301F-11D3-BF4B-00C04F79EFBC}") = "PayloadCompression", "PayloadCompression\PayloadCompression.csproj", "{29082321-E872-458F-8B0D-186C23DE38D1}"
EndProject
Project("{FAE04EC0-301F-11D3-BF4B-00C04F79EFBC}") = "PayloadCompression.Tests", "PayloadCompression.Tests\PayloadCompression.Tests.csproj", "{D7BA22BA-88E5-42F5-AF52-53C508021CCB}"
EndProject
Project("{FAE04EC0-301F-11D3-BF4B-00C04F79EFBC}") = "PayloadDecompression", "PayloadDecompression\PayloadDecompression.csproj", "{8F799E45-F756-4FA6-A253-AB4F7B9249FF}"
EndProject
Global
	GlobalSection(SolutionConfigurationPlatforms) = preSolution
		Debug|Any CPU = Debug|Any CPU
		Release|Any CPU = Release|Any CPU
	EndGlobalSection
	GlobalSection(SolutionProperties) = preSolution
		HideSolutionNode = FALSE
	EndGlobalSection
	GlobalSection(ProjectConfigurationPlatforms) = postSolution
		{29082321-E872-458F-8B0D-186C23DE38D1}.Debug|Any CPU.ActiveCfg = Debug|Any CPU
		{29082321-E872-458F-8B0D-186C23DE38D1}.Debug|Any CPU.Build.0 = Debug|Any CPU
		{29082321-E872-458F-8B0D-186C23DE38D1}.Release|Any CPU.ActiveCfg = Release|Any CPU
		{29082321-E872-458F-8B0D-186C23DE38D1}.Release|Any CPU.Build.0 = Release|Any CPU
		{D7BA22BA-88E5-42F5-AF52-53C508021CCB}.Debug|Any CPU.ActiveCfg = Debug|Any CPU
		{D7BA22BA-88E5-42F5-AF52-53C508021CCB}.Debug|Any CPU.Build.0 = Debug|Any CPU
		{D7BA22BA-88E5-42F5-AF52-53C508021CCB}.Release|Any CPU.ActiveCfg = Release|Any CPU
		{D7BA22BA-88E5-42F5-AF52-53C508021CCB}.Release|Any CPU.Build.0 = Release|Any CPU
		{8F799E45-F756-4FA6-A253-AB4F7B9249FF}.Debug|Any CPU.ActiveCfg = Debug|Any CPU
		{8F799E45-F756-4FA6-A253-AB4F7B9249FF}.Debug|Any CPU.Build.0 = Debug|Any CPU
		{8F799E45-F756-4FA6-A253-AB4F7B9249FF}.Release|Any CPU.ActiveCfg = Release|Any CPU
		{8F799E45-F756-4FA6-A253-AB4F7B9249FF}.Release|Any CPU.Build.0 = Release|Any CPU
	EndGlobalSection
EndGlobal
